
Microsoft Visual Studio Solution File, Format Version 12.00
# Visual Studio Version 16
VisualStudioVersion = 16.0.31313.79
MinimumVisualStudioVersion = 10.0.40219.1
Project("{FAE04EC0-301F-11D3-BF4B-00C04F79EFBC}") = "BancoNacional", "BancoNacional.csproj", "{FD409515-F4DF-4C24-9331-F5409FD661C3}"
EndProject
Global
	GlobalSection(SolutionConfigurationPlatforms) = preSolution
		Debug|Any CPU = Debug|Any CPU
		Release|Any CPU = Release|Any CPU
	EndGlobalSection
	GlobalSection(ProjectConfigurationPlatforms) = postSolution
		{FD409515-F4DF-4C24-9331-F5409FD661C3}.Debug|Any CPU.ActiveCfg = Debug|Any CPU
		{FD409515-F4DF-4C24-9331-F5409FD661C3}.Debug|Any CPU.Build.0 = Debug|Any CPU
		{FD409515-F4DF-4C24-9331-F5409FD661C3}.Release|Any CPU.ActiveCfg = Release|Any CPU
		{FD409515-F4DF-4C24-9331-F5409FD661C3}.Release|Any CPU.Build.0 = Release|Any CPU
	EndGlobalSection
	GlobalSection(SolutionProperties) = preSolution
		HideSolutionNode = FALSE
	EndGlobalSection
	GlobalSection(ExtensibilityGlobals) = postSolution
		SolutionGuid = {BDCBC195-E36E-41EE-B426-21ABA9B72E12}
	EndGlobalSection
EndGlobal
