
Microsoft Visual Studio Solution File, Format Version 12.00
# Visual Studio Version 16
VisualStudioVersion = 16.0.31313.79
MinimumVisualStudioVersion = 10.0.40219.1
Project("{9A19103F-16F7-4668-BE54-9A1E7A4F7556}") = "WorldCities", "WorldCities.csproj", "{C92B9AA5-DA1A-4662-B4F9-17BA31CFE054}"
EndProject
Global
	GlobalSection(SolutionConfigurationPlatforms) = preSolution
		Debug|Any CPU = Debug|Any CPU
		Release|Any CPU = Release|Any CPU
	EndGlobalSection
	GlobalSection(ProjectConfigurationPlatforms) = postSolution
		{C92B9AA5-DA1A-4662-B4F9-17BA31CFE054}.Debug|Any CPU.ActiveCfg = Debug|Any CPU
		{C92B9AA5-DA1A-4662-B4F9-17BA31CFE054}.Debug|Any CPU.Build.0 = Debug|Any CPU
		{C92B9AA5-DA1A-4662-B4F9-17BA31CFE054}.Release|Any CPU.ActiveCfg = Release|Any CPU
		{C92B9AA5-DA1A-4662-B4F9-17BA31CFE054}.Release|Any CPU.Build.0 = Release|Any CPU
	EndGlobalSection
	GlobalSection(SolutionProperties) = preSolution
		HideSolutionNode = FALSE
	EndGlobalSection
	GlobalSection(ExtensibilityGlobals) = postSolution
		SolutionGuid = {8C1C4258-D0B3-4D48-9DAC-BEA12C42EAC2}
	EndGlobalSection
EndGlobal
